// !$*UTF8*$!
{
	archiveVersion = 1;
	classes = {
	};
	objectVersion = 46;
	objects = {

/* Begin PBXBuildFile section */
		86E855731B8CBDEC0079C992 /* main.m in Sources */ = {isa = PBXBuildFile; fileRef = 86E855721B8CBDEC0079C992 /* main.m */; };
		86E855761B8CBDEC0079C992 /* AppDelegate.m in Sources */ = {isa = PBXBuildFile; fileRef = 86E855751B8CBDEC0079C992 /* AppDelegate.m */; };
		86E855791B8CBDEC0079C992 /* MasterViewController.m in Sources */ = {isa = PBXBuildFile; fileRef = 86E855781B8CBDEC0079C992 /* MasterViewController.m */; };
		86E8557C1B8CBDEC0079C992 /* DetailViewController.m in Sources */ = {isa = PBXBuildFile; fileRef = 86E8557B1B8CBDEC0079C992 /* DetailViewController.m */; };
		86E8557F1B8CBDEC0079C992 /* Main.storyboard in Resources */ = {isa = PBXBuildFile; fileRef = 86E8557D1B8CBDEC0079C992 /* Main.storyboard */; };
		86E855811B8CBDEC0079C992 /* Images.xcassets in Resources */ = {isa = PBXBuildFile; fileRef = 86E855801B8CBDEC0079C992 /* Images.xcassets */; };
		86E855841B8CBDEC0079C992 /* LaunchScreen.xib in Resources */ = {isa = PBXBuildFile; fileRef = 86E855821B8CBDEC0079C992 /* LaunchScreen.xib */; };
		86E855901B8CBDEC0079C992 /* TestTests.m in Sources */ = {isa = PBXBuildFile; fileRef = 86E8558F1B8CBDEC0079C992 /* TestTests.m */; };
/* End PBXBuildFile section */

/* Begin PBXContainerItemProxy section */
		86E8558A1B8CBDEC0079C992 /* PBXContainerItemProxy */ = {
			isa = PBXContainerItemProxy;
			containerPortal = 86E855651B8CBDEC0079C992 /* Project object */;
			proxyType = 1;
			remoteGlobalIDString = 86E8556C1B8CBDEC0079C992;
			remoteInfo = Test;
		};
/* End PBXContainerItemProxy section */

/* Begin PBXFileReference section */
		86E8556D1B8CBDEC0079C992 /* Test.app */ = {isa = PBXFileReference; explicitFileType = wrapper.application; includeInIndex = 0; path = Test.app; sourceTree = BUILT_PRODUCTS_DIR; };
		86E855711B8CBDEC0079C992 /* Info.plist */ = {isa = PBXFileReference; lastKnownFileType = text.plist.xml; path = Info.plist; sourceTree = "<group>"; };
		86E855721B8CBDEC0079C992 /* main.m */ = {isa = PBXFileReference; lastKnownFileType = sourcecode.c.objc; path = main.m; sourceTree = "<group>"; };
		86E855741B8CBDEC0079C992 /* AppDelegate.h */ = {isa = PBXFileReference; lastKnownFileType = sourcecode.c.h; path = AppDelegate.h; sourceTree = "<group>"; };
		86E855751B8CBDEC0079C992 /* AppDelegate.m */ = {isa = PBXFileReference; lastKnownFileType = sourcecode.c.objc; path = AppDelegate.m; sourceTree = "<group>"; };
		86E855771B8CBDEC0079C992 /* MasterViewController.h */ = {isa = PBXFileReference; lastKnownFileType = sourcecode.c.h; path = MasterViewController.h; sourceTree = "<group>"; };
		86E855781B8CBDEC0079C992 /* MasterViewController.m */ = {isa = PBXFileReference; lastKnownFileType = sourcecode.c.objc; path = MasterViewController.m; sourceTree = "<group>"; };
		86E8557A1B8CBDEC0079C992 /* DetailViewController.h */ = {isa = PBXFileReference; lastKnownFileType = sourcecode.c.h; path = DetailViewController.h; sourceTree = "<group>"; };
		86E8557B1B8CBDEC0079C992 /* DetailViewController.m */ = {isa = PBXFileReference; lastKnownFileType = sourcecode.c.objc; path = DetailViewController.m; sourceTree = "<group>"; };
		86E8557E1B8CBDEC0079C992 /* Base */ = {isa = PBXFileReference; lastKnownFileType = file.storyboard; name = Base; path = Base.lproj/Main.storyboard; sourceTree = "<group>"; };
		86E855801B8CBDEC0079C992 /* Images.xcassets */ = {isa = PBXFileReference; lastKnownFileType = folder.assetcatalog; path = Images.xcassets; sourceTree = "<group>"; };
		86E855831B8CBDEC0079C992 /* Base */ = {isa = PBXFileReference; lastKnownFileType = file.xib; name = Base; path = Base.lproj/LaunchScreen.xib; sourceTree = "<group>"; };
		86E855891B8CBDEC0079C992 /* TestTests.xctest */ = {isa = PBXFileReference; explicitFileType = wrapper.cfbundle; includeInIndex = 0; path = TestTests.xctest; sourceTree = BUILT_PRODUCTS_DIR; };
		86E8558E1B8CBDEC0079C992 /* Info.plist */ = {isa = PBXFileReference; lastKnownFileType = text.plist.xml; path = Info.plist; sourceTree = "<group>"; };
		86E8558F1B8CBDEC0079C992 /* TestTests.m */ = {isa = PBXFileReference; lastKnownFileType = sourcecode.c.objc; path = TestTests.m; sourceTree = "<group>"; };
/* End PBXFileReference section */

/* Begin PBXFrameworksBuildPhase section */
		86E8556A1B8CBDEC0079C992 /* Frameworks */ = {
			isa = PBXFrameworksBuildPhase;
			buildActionMask = 2147483647;
			files = (
			);
			runOnlyForDeploymentPostprocessing = 0;
		};
		86E855861B8CBDEC0079C992 /* Frameworks */ = {
			isa = PBXFrameworksBuildPhase;
			buildActionMask = 2147483647;
			files = (
			);
			runOnlyForDeploymentPostprocessing = 0;
		};
/* End PBXFrameworksBuildPhase section */

/* Begin PBXGroup section */
		86E855641B8CBDEC0079C992 = {
			isa = PBXGroup;
			children = (
				86E8556F1B8CBDEC0079C992 /* Test */,
				86E8558C1B8CBDEC0079C992 /* TestTests */,
				86E8556E1B8CBDEC0079C992 /* Products */,
			);
			sourceTree = "<group>";
		};
		86E8556E1B8CBDEC0079C992 /* Products */ = {
			isa = PBXGroup;
			children = (
				86E8556D1B8CBDEC0079C992 /* Test.app */,
				86E855891B8CBDEC0079C992 /* TestTests.xctest */,
			);
			name = Products;
			sourceTree = "<group>";
		};
		86E8556F1B8CBDEC0079C992 /* Test */ = {
			isa = PBXGroup;
			children = (
				86E855741B8CBDEC0079C992 /* AppDelegate.h */,
				86E855751B8CBDEC0079C992 /* AppDelegate.m */,
				86E855771B8CBDEC0079C992 /* MasterViewController.h */,
				86E855781B8CBDEC0079C992 /* MasterViewController.m */,
				86E8557A1B8CBDEC0079C992 /* DetailViewController.h */,
				86E8557B1B8CBDEC0079C992 /* DetailViewController.m */,
				86E8557D1B8CBDEC0079C992 /* Main.storyboard */,
				86E855801B8CBDEC0079C992 /* Images.xcassets */,
				86E855821B8CBDEC0079C992 /* LaunchScreen.xib */,
				86E855701B8CBDEC0079C992 /* Supporting Files */,
			);
			path = Test;
			sourceTree = "<group>";
		};
		86E855701B8CBDEC0079C992 /* Supporting Files */ = {
			isa = PBXGroup;
			children = (
				86E855711B8CBDEC0079C992 /* Info.plist */,
				86E855721B8CBDEC0079C992 /* main.m */,
			);
			name = "Supporting Files";
			sourceTree = "<group>";
		};
		86E8558C1B8CBDEC0079C992 /* TestTests */ = {
			isa = PBXGroup;
			children = (
				86E8558F1B8CBDEC0079C992 /* TestTests.m */,
				86E8558D1B8CBDEC0079C992 /* Supporting Files */,
			);
			path = TestTests;
			sourceTree = "<group>";
		};
		86E8558D1B8CBDEC0079C992 /* Supporting Files */ = {
			isa = PBXGroup;
			children = (
				86E8558E1B8CBDEC0079C992 /* Info.plist */,
			);
			name = "Supporting Files";
			sourceTree = "<group>";
		};
/* End PBXGroup section */

/* Begin PBXNativeTarget section */
		86E8556C1B8CBDEC0079C992 /* Test */ = {
			isa = PBXNativeTarget;
			buildConfigurationList = 86E855931B8CBDEC0079C992 /* Build configuration list for PBXNativeTarget "Test" */;
			buildPhases = (
				86E855691B8CBDEC0079C992 /* Sources */,
				86E8556A1B8CBDEC0079C992 /* Frameworks */,
				86E8556B1B8CBDEC0079C992 /* Resources */,
			);
			buildRules = (
			);
			dependencies = (
			);
			name = Test;
			productName = Test;
			productReference = 86E8556D1B8CBDEC0079C992 /* Test.app */;
			productType = "com.apple.product-type.application";
		};
		86E855881B8CBDEC0079C992 /* TestTests */ = {
			isa = PBXNativeTarget;
			buildConfigurationList = 86E855961B8CBDEC0079C992 /* Build configuration list for PBXNativeTarget "TestTests" */;
			buildPhases = (
				86E855851B8CBDEC0079C992 /* Sources */,
				86E855861B8CBDEC0079C992 /* Frameworks */,
				86E855871B8CBDEC0079C992 /* Resources */,
			);
			buildRules = (
			);
			dependencies = (
				86E8558B1B8CBDEC0079C992 /* PBXTargetDependency */,
			);
			name = TestTests;
			productName = TestTests;
			productReference = 86E855891B8CBDEC0079C992 /* TestTests.xctest */;
			productType = "com.apple.product-type.bundle.unit-test";
		};
/* End PBXNativeTarget section */

/* Begin PBXProject section */
		86E855651B8CBDEC0079C992 /* Project object */ = {
			isa = PBXProject;
			attributes = {
				LastUpgradeCheck = 0640;
				ORGANIZATIONNAME = "胡波";
				TargetAttributes = {
					86E8556C1B8CBDEC0079C992 = {
						CreatedOnToolsVersion = 6.4;
						DevelopmentTeam = AF6XBF4G36;
					};
					86E855881B8CBDEC0079C992 = {
						CreatedOnToolsVersion = 6.4;
						TestTargetID = 86E8556C1B8CBDEC0079C992;
					};
				};
			};
			buildConfigurationList = 86E855681B8CBDEC0079C992 /* Build configuration list for PBXProject "Test" */;
			compatibilityVersion = "Xcode 3.2";
			developmentRegion = English;
			hasScannedForEncodings = 0;
			knownRegions = (
				en,
				Base,
			);
			mainGroup = 86E855641B8CBDEC0079C992;
			productRefGroup = 86E8556E1B8CBDEC0079C992 /* Products */;
			projectDirPath = "";
			projectRoot = "";
			targets = (
				86E8556C1B8CBDEC0079C992 /* Test */,
				86E855881B8CBDEC0079C992 /* TestTests */,
			);
		};
/* End PBXProject section */

/* Begin PBXResourcesBuildPhase section */
		86E8556B1B8CBDEC0079C992 /* Resources */ = {
			isa = PBXResourcesBuildPhase;
			buildActionMask = 2147483647;
			files = (
				86E8557F1B8CBDEC0079C992 /* Main.storyboard in Resources */,
				86E855841B8CBDEC0079C992 /* LaunchScreen.xib in Resources */,
				86E855811B8CBDEC0079C992 /* Images.xcassets in Resources */,
			);
			runOnlyForDeploymentPostprocessing = 0;
		};
		86E855871B8CBDEC0079C992 /* Resources */ = {
			isa = PBXResourcesBuildPhase;
			buildActionMask = 2147483647;
			files = (
			);
			runOnlyForDeploymentPostprocessing = 0;
		};
/* End PBXResourcesBuildPhase section */

/* Begin PBXSourcesBuildPhase section */
		86E855691B8CBDEC0079C992 /* Sources */ = {
			isa = PBXSourcesBuildPhase;
			buildActionMask = 2147483647;
			files = (
				86E855761B8CBDEC0079C992 /* AppDelegate.m in Sources */,
				86E855791B8CBDEC0079C992 /* MasterViewController.m in Sources */,
				86E855731B8CBDEC0079C992 /* main.m in Sources */,
				86E8557C1B8CBDEC0079C992 /* DetailViewController.m in Sources */,
			);
			runOnlyForDeploymentPostprocessing = 0;
		};
		86E855851B8CBDEC0079C992 /* Sources */ = {
			isa = PBXSourcesBuildPhase;
			buildActionMask = 2147483647;
			files = (
				86E855901B8CBDEC0079C992 /* TestTests.m in Sources */,
			);
			runOnlyForDeploymentPostprocessing = 0;
		};
/* End PBXSourcesBuildPhase section */

/* Begin PBXTargetDependency section */
		86E8558B1B8CBDEC0079C992 /* PBXTargetDependency */ = {
			isa = PBXTargetDependency;
			target = 86E8556C1B8CBDEC0079C992 /* Test */;
			targetProxy = 86E8558A1B8CBDEC0079C992 /* PBXContainerItemProxy */;
		};
/* End PBXTargetDependency section */

/* Begin PBXVariantGroup section */
		86E8557D1B8CBDEC0079C992 /* Main.storyboard */ = {
			isa = PBXVariantGroup;
			children = (
				86E8557E1B8CBDEC0079C992 /* Base */,
			);
			name = Main.storyboard;
			sourceTree = "<group>";
		};
		86E855821B8CBDEC0079C992 /* LaunchScreen.xib */ = {
			isa = PBXVariantGroup;
			children = (
				86E855831B8CBDEC0079C992 /* Base */,
			);
			name = LaunchScreen.xib;
			sourceTree = "<group>";
		};
/* End PBXVariantGroup section */

/* Begin XCBuildConfiguration section */
		86E855911B8CBDEC0079C992 /* Debug */ = {
			isa = XCBuildConfiguration;
			buildSettings = {
				ALWAYS_SEARCH_USER_PATHS = NO;
				CLANG_CXX_LANGUAGE_STANDARD = "gnu++0x";
				CLANG_CXX_LIBRARY = "libc++";
				CLANG_ENABLE_MODULES = YES;
				CLANG_ENABLE_OBJC_ARC = YES;
				CLANG_WARN_BOOL_CONVERSION = YES;
				CLANG_WARN_CONSTANT_CONVERSION = YES;
				CLANG_WARN_DIRECT_OBJC_ISA_USAGE = YES_ERROR;
				CLANG_WARN_EMPTY_BODY = YES;
				CLANG_WARN_ENUM_CONVERSION = YES;
				CLANG_WARN_INT_CONVERSION = YES;
				CLANG_WARN_OBJC_ROOT_CLASS = YES_ERROR;
				CLANG_WARN_UNREACHABLE_CODE = YES;
				CLANG_WARN__DUPLICATE_METHOD_MATCH = YES;
				"CODE_SIGN_IDENTITY[sdk=iphoneos*]" = "iPhone Developer";
				COPY_PHASE_STRIP = NO;
				DEBUG_INFORMATION_FORMAT = "dwarf-with-dsym";
				ENABLE_STRICT_OBJC_MSGSEND = YES;
				GCC_C_LANGUAGE_STANDARD = gnu99;
				GCC_DYNAMIC_NO_PIC = NO;
				GCC_NO_COMMON_BLOCKS = YES;
				GCC_OPTIMIZATION_LEVEL = 0;
				GCC_PREPROCESSOR_DEFINITIONS = (
					"DEBUG=1",
					"$(inherited)",
				);
				GCC_SYMBOLS_PRIVATE_EXTERN = NO;
				GCC_WARN_64_TO_32_BIT_CONVERSION = YES;
				GCC_WARN_ABOUT_RETURN_TYPE = YES_ERROR;
				GCC_WARN_UNDECLARED_SELECTOR = YES;
				GCC_WARN_UNINITIALIZED_AUTOS = YES_AGGRESSIVE;
				GCC_WARN_UNUSED_FUNCTION = YES;
				GCC_WARN_UNUSED_VARIABLE = YES;
				IPHONEOS_DEPLOYMENT_TARGET = 8.4;
				MTL_ENABLE_DEBUG_INFO = YES;
				ONLY_ACTIVE_ARCH = YES;
				SDKROOT = iphoneos;
				TARGETED_DEVICE_FAMILY = "1,2";
			};
			name = Debug;
		};
		86E855921B8CBDEC0079C992 /* Release */ = {
			isa = XCBuildConfiguration;
			buildSettings = {
				ALWAYS_SEARCH_USER_PATHS = NO;
				CLANG_CXX_LANGUAGE_STANDARD = "gnu++0x";
				CLANG_CXX_LIBRARY = "libc++";
				CLANG_ENABLE_MODULES = YES;
				CLANG_ENABLE_OBJC_ARC = YES;
				CLANG_WARN_BOOL_CONVERSION = YES;
				CLANG_WARN_CONSTANT_CONVERSION = YES;
				CLANG_WARN_DIRECT_OBJC_ISA_USAGE = YES_ERROR;
				CLANG_WARN_EMPTY_BODY = YES;
				CLANG_WARN_ENUM_CONVERSION = YES;
				CLANG_WARN_INT_CONVERSION = YES;
				CLANG_WARN_OBJC_ROOT_CLASS = YES_ERROR;
				CLANG_WARN_UNREACHABLE_CODE = YES;
				CLANG_WARN__DUPLICATE_METHOD_MATCH = YES;
				"CODE_SIGN_IDENTITY[sdk=iphoneos*]" = "iPhone Developer";
				COPY_PHASE_STRIP = NO;
				DEBUG_INFORMATION_FORMAT = "dwarf-with-dsym";
				ENABLE_NS_ASSERTIONS = NO;
				ENABLE_STRICT_OBJC_MSGSEND = YES;
				GCC_C_LANGUAGE_STANDARD = gnu99;
				GCC_NO_COMMON_BLOCKS = YES;
				GCC_WARN_64_TO_32_BIT_CONVERSION = YES;
				GCC_WARN_ABOUT_RETURN_TYPE = YES_ERROR;
				GCC_WARN_UNDECLARED_SELECTOR = YES;
				GCC_WARN_UNINITIALIZED_AUTOS = YES_AGGRESSIVE;
				GCC_WARN_UNUSED_FUNCTION = YES;
				GCC_WARN_UNUSED_VARIABLE = YES;
				IPHONEOS_DEPLOYMENT_TARGET = 8.4;
				MTL_ENABLE_DEBUG_INFO = NO;
				SDKROOT = iphoneos;
				TARGETED_DEVICE_FAMILY = "1,2";
				VALIDATE_PRODUCT = YES;
			};
			name = Release;
		};
		86E855941B8CBDEC0079C992 /* Debug */ = {
			isa = XCBuildConfiguration;
			buildSettings = {
				ASSETCATALOG_COMPILER_APPICON_NAME = AppIcon;
				CODE_SIGN_IDENTITY = "iPhone Developer";
				"CODE_SIGN_IDENTITY[sdk=iphoneos*]" = "iPhone Developer";
				INFOPLIST_FILE = Test/Info.plist;
				LD_RUNPATH_SEARCH_PATHS = "$(inherited) @executable_path/Frameworks";
				PRODUCT_NAME = "$(TARGET_NAME)";
				PROVISIONING_PROFILE = "";
			};
			name = Debug;
		};
		86E855951B8CBDEC0079C992 /* Release */ = {
			isa = XCBuildConfiguration;
			buildSettings = {
				ASSETCATALOG_COMPILER_APPICON_NAME = AppIcon;
				CODE_SIGN_IDENTITY = "iPhone Developer";
				"CODE_SIGN_IDENTITY[sdk=iphoneos*]" = "iPhone Developer";
				INFOPLIST_FILE = Test/Info.plist;
				LD_RUNPATH_SEARCH_PATHS = "$(inherited) @executable_path/Frameworks";
				PRODUCT_NAME = "$(TARGET_NAME)";
				PROVISIONING_PROFILE = "";
			};
			name = Release;
		};
		86E855971B8CBDEC0079C992 /* Debug */ = {
			isa = XCBuildConfiguration;
			buildSettings = {
				BUNDLE_LOADER = "$(TEST_HOST)";
				FRAMEWORK_SEARCH_PATHS = (
					"$(SDKROOT)/Developer/Library/Frameworks",
					"$(inherited)",
				);
				GCC_PREPROCESSOR_DEFINITIONS = (
					"DEBUG=1",
					"$(inherited)",
				);
				INFOPLIST_FILE = TestTests/Info.plist;
				LD_RUNPATH_SEARCH_PATHS = "$(inherited) @executable_path/Frameworks @loader_path/Frameworks";
				PRODUCT_NAME = "$(TARGET_NAME)";
				TEST_HOST = "$(BUILT_PRODUCTS_DIR)/Test.app/Test";
			};
			name = Debug;
		};
		86E855981B8CBDEC0079C992 /* Release */ = {
			isa = XCBuildConfiguration;
			buildSettings = {
				BUNDLE_LOADER = "$(TEST_HOST)";
				FRAMEWORK_SEARCH_PATHS = (
					"$(SDKROOT)/Developer/Library/Frameworks",
					"$(inherited)",
				);
				INFOPLIST_FILE = TestTests/Info.plist;
				LD_RUNPATH_SEARCH_PATHS = "$(inherited) @executable_path/Frameworks @loader_path/Frameworks";
				PRODUCT_NAME = "$(TARGET_NAME)";
				TEST_HOST = "$(BUILT_PRODUCTS_DIR)/Test.app/Test";
			};
			name = Release;
		};
/* End XCBuildConfiguration section */

/* Begin XCConfigurationList section */
		86E855681B8CBDEC0079C992 /* Build configuration list for PBXProject "Test" */ = {
			isa = XCConfigurationList;
			buildConfigurations = (
				86E855911B8CBDEC0079C992 /* Debug */,
				86E855921B8CBDEC0079C992 /* Release */,
			);
			defaultConfigurationIsVisible = 0;
			defaultConfigurationName = Release;
		};
		86E855931B8CBDEC0079C992 /* Build configuration list for PBXNativeTarget "Test" */ = {
			isa = XCConfigurationList;
			buildConfigurations = (
				86E855941B8CBDEC0079C992 /* Debug */,
				86E855951B8CBDEC0079C992 /* Release */,
			);
			defaultConfigurationIsVisible = 0;
			defaultConfigurationName = Release;
		};
		86E855961B8CBDEC0079C992 /* Build configuration list for PBXNativeTarget "TestTests" */ = {
			isa = XCConfigurationList;
			buildConfigurations = (
				86E855971B8CBDEC0079C992 /* Debug */,
				86E855981B8CBDEC0079C992 /* Release */,
			);
			defaultConfigurationIsVisible = 0;
			defaultConfigurationName = Release;
		};
/* End XCConfigurationList section */
	};
	rootObject = 86E855651B8CBDEC0079C992 /* Project object */;
}
